
Microsoft Visual Studio Solution File, Format Version 12.00
# Visual Studio Version 16
VisualStudioVersion = 16.0.30104.148
MinimumVisualStudioVersion = 10.0.40219.1
Project("{9A19103F-16F7-4668-BE54-9A1E7A4F7556}") = "Todo.Web", "Todo.Web\Todo.Web.csproj", "{2AD3B3D3-F2B3-4C15-A211-E097E60A4077}"
EndProject
Project("{2150E333-8FDC-42A3-9474-1A3956D46DE8}") = "Solution Items", "Solution Items", "{145AF902-6BA0-4A7A-A152-614462061985}"
	ProjectSection(SolutionItems) = preProject
		reademe.md = reademe.md
	EndProjectSection
EndProject
Global
	GlobalSection(SolutionConfigurationPlatforms) = preSolution
		Debug|Any CPU = Debug|Any CPU
		Release|Any CPU = Release|Any CPU
	EndGlobalSection
	GlobalSection(ProjectConfigurationPlatforms) = postSolution
		{2AD3B3D3-F2B3-4C15-A211-E097E60A4077}.Debug|Any CPU.ActiveCfg = Debug|Any CPU
		{2AD3B3D3-F2B3-4C15-A211-E097E60A4077}.Debug|Any CPU.Build.0 = Debug|Any CPU
		{2AD3B3D3-F2B3-4C15-A211-E097E60A4077}.Release|Any CPU.ActiveCfg = Release|Any CPU
		{2AD3B3D3-F2B3-4C15-A211-E097E60A4077}.Release|Any CPU.Build.0 = Release|Any CPU
	EndGlobalSection
	GlobalSection(SolutionProperties) = preSolution
		HideSolutionNode = FALSE
	EndGlobalSection
	GlobalSection(ExtensibilityGlobals) = postSolution
		SolutionGuid = {686F2D16-4E49-4AEF-B56A-DC00E1E37650}
	EndGlobalSection
EndGlobal
